
Microsoft Visual Studio Solution File, Format Version 12.00
# Visual Studio Version 16
VisualStudioVersion = 16.0.30717.126
MinimumVisualStudioVersion = 10.0.40219.1
Project("{FAE04EC0-301F-11D3-BF4B-00C04F79EFBC}") = "NasaImageSearch.Android", "NasaImageSearch\NasaImageSearch.Android\NasaImageSearch.Android.csproj", "{7FE5C890-CEFB-427B-9AFC-6048B9B2C10A}"
EndProject
Project("{FAE04EC0-301F-11D3-BF4B-00C04F79EFBC}") = "NasaImageSearch", "NasaImageSearch\NasaImageSearch\NasaImageSearch.csproj", "{B771C566-2AF9-4737-B511-0B4BBB81345D}"
EndProject
Global
	GlobalSection(SolutionConfigurationPlatforms) = preSolution
		Debug|Any CPU = Debug|Any CPU
		Release|Any CPU = Release|Any CPU
	EndGlobalSection
	GlobalSection(ProjectConfigurationPlatforms) = postSolution
		{7FE5C890-CEFB-427B-9AFC-6048B9B2C10A}.Debug|Any CPU.ActiveCfg = Debug|Any CPU
		{7FE5C890-CEFB-427B-9AFC-6048B9B2C10A}.Debug|Any CPU.Build.0 = Debug|Any CPU
		{7FE5C890-CEFB-427B-9AFC-6048B9B2C10A}.Debug|Any CPU.Deploy.0 = Debug|Any CPU
		{7FE5C890-CEFB-427B-9AFC-6048B9B2C10A}.Release|Any CPU.ActiveCfg = Release|Any CPU
		{7FE5C890-CEFB-427B-9AFC-6048B9B2C10A}.Release|Any CPU.Build.0 = Release|Any CPU
		{7FE5C890-CEFB-427B-9AFC-6048B9B2C10A}.Release|Any CPU.Deploy.0 = Release|Any CPU
		{B771C566-2AF9-4737-B511-0B4BBB81345D}.Debug|Any CPU.ActiveCfg = Debug|Any CPU
		{B771C566-2AF9-4737-B511-0B4BBB81345D}.Debug|Any CPU.Build.0 = Debug|Any CPU
		{B771C566-2AF9-4737-B511-0B4BBB81345D}.Debug|Any CPU.Deploy.0 = Debug|Any CPU
		{B771C566-2AF9-4737-B511-0B4BBB81345D}.Release|Any CPU.ActiveCfg = Release|Any CPU
		{B771C566-2AF9-4737-B511-0B4BBB81345D}.Release|Any CPU.Build.0 = Release|Any CPU
		{B771C566-2AF9-4737-B511-0B4BBB81345D}.Release|Any CPU.Deploy.0 = Release|Any CPU
	EndGlobalSection
	GlobalSection(SolutionProperties) = preSolution
		HideSolutionNode = FALSE
	EndGlobalSection
	GlobalSection(ExtensibilityGlobals) = postSolution
		SolutionGuid = {B443442B-1C92-44E8-A819-37A38D0C7ACB}
	EndGlobalSection
EndGlobal
